
Microsoft Visual Studio Solution File, Format Version 12.00
# Visual Studio Version 17
VisualStudioVersion = 17.0.31903.59
MinimumVisualStudioVersion = 10.0.40219.1
Project("{FAE04EC0-301F-11D3-BF4B-00C04F79EFBC}") = "Innowise.Appointments.ApiHost", "Innowise.Appointments.ApiHost\Innowise.Appointments.ApiHost.csproj", "{5FE4B873-55C3-4C79-B866-037CE291616E}"
EndProject
Project("{FAE04EC0-301F-11D3-BF4B-00C04F79EFBC}") = "Innowise.Appointments.Application", "Innowise.Appointments.Application\Innowise.Appointments.Application.csproj", "{F23D179A-64FF-4167-A92E-8E6D94939A9A}"
EndProject
Project("{FAE04EC0-301F-11D3-BF4B-00C04F79EFBC}") = "Innowise.Appointments.Contracts", "Innowise.Appointments.Contracts\Innowise.Appointments.Contracts.csproj", "{29927723-3812-49D0-8B5D-673B9E17B00E}"
EndProject
Project("{FAE04EC0-301F-11D3-BF4B-00C04F79EFBC}") = "Innowise.Appointments.Domain", "Innowise.Appointments.Domain\Innowise.Appointments.Domain.csproj", "{4D612D11-E708-40A5-8CD5-79EBD0C3757F}"
EndProject
Project("{FAE04EC0-301F-11D3-BF4B-00C04F79EFBC}") = "Innowise.Appointments.Infrastructure", "Innowise.Appointments.Infrastructure\Innowise.Appointments.Infrastructure.csproj", "{41BA7D6F-88FB-462F-BBAA-AE44E205C795}"
EndProject
Project("{FAE04EC0-301F-11D3-BF4B-00C04F79EFBC}") = "Innowise.Appointments.RmqHost", "Innowise.Appointments.RmqHost\Innowise.Appointments.RmqHost.csproj", "{A21A03DD-3463-4B72-A103-E3269892545D}"
EndProject
Project("{FAE04EC0-301F-11D3-BF4B-00C04F79EFBC}") = "Innowise.Appointments.WorkerHost", "Innowise.Appointments.WorkerHost\Innowise.Appointments.WorkerHost.csproj", "{F275DF7F-C083-4731-82B1-93CD0520C662}"
EndProject
Project("{FAE04EC0-301F-11D3-BF4B-00C04F79EFBC}") = "Innowise.Common", "Innowise.Common\Innowise.Common.csproj", "{A48CDEC8-F552-4B45-A445-3FF9B11B77F7}"
EndProject
Global
	GlobalSection(SolutionConfigurationPlatforms) = preSolution
		Debug|Any CPU = Debug|Any CPU
		Release|Any CPU = Release|Any CPU
	EndGlobalSection
	GlobalSection(SolutionProperties) = preSolution
		HideSolutionNode = FALSE
	EndGlobalSection
	GlobalSection(ProjectConfigurationPlatforms) = postSolution
		{5FE4B873-55C3-4C79-B866-037CE291616E}.Debug|Any CPU.ActiveCfg = Debug|Any CPU
		{5FE4B873-55C3-4C79-B866-037CE291616E}.Debug|Any CPU.Build.0 = Debug|Any CPU
		{5FE4B873-55C3-4C79-B866-037CE291616E}.Release|Any CPU.ActiveCfg = Release|Any CPU
		{5FE4B873-55C3-4C79-B866-037CE291616E}.Release|Any CPU.Build.0 = Release|Any CPU
		{F23D179A-64FF-4167-A92E-8E6D94939A9A}.Debug|Any CPU.ActiveCfg = Debug|Any CPU
		{F23D179A-64FF-4167-A92E-8E6D94939A9A}.Debug|Any CPU.Build.0 = Debug|Any CPU
		{F23D179A-64FF-4167-A92E-8E6D94939A9A}.Release|Any CPU.ActiveCfg = Release|Any CPU
		{F23D179A-64FF-4167-A92E-8E6D94939A9A}.Release|Any CPU.Build.0 = Release|Any CPU
		{29927723-3812-49D0-8B5D-673B9E17B00E}.Debug|Any CPU.ActiveCfg = Debug|Any CPU
		{29927723-3812-49D0-8B5D-673B9E17B00E}.Debug|Any CPU.Build.0 = Debug|Any CPU
		{29927723-3812-49D0-8B5D-673B9E17B00E}.Release|Any CPU.ActiveCfg = Release|Any CPU
		{29927723-3812-49D0-8B5D-673B9E17B00E}.Release|Any CPU.Build.0 = Release|Any CPU
		{4D612D11-E708-40A5-8CD5-79EBD0C3757F}.Debug|Any CPU.ActiveCfg = Debug|Any CPU
		{4D612D11-E708-40A5-8CD5-79EBD0C3757F}.Debug|Any CPU.Build.0 = Debug|Any CPU
		{4D612D11-E708-40A5-8CD5-79EBD0C3757F}.Release|Any CPU.ActiveCfg = Release|Any CPU
		{4D612D11-E708-40A5-8CD5-79EBD0C3757F}.Release|Any CPU.Build.0 = Release|Any CPU
		{41BA7D6F-88FB-462F-BBAA-AE44E205C795}.Debug|Any CPU.ActiveCfg = Debug|Any CPU
		{41BA7D6F-88FB-462F-BBAA-AE44E205C795}.Debug|Any CPU.Build.0 = Debug|Any CPU
		{41BA7D6F-88FB-462F-BBAA-AE44E205C795}.Release|Any CPU.ActiveCfg = Release|Any CPU
		{41BA7D6F-88FB-462F-BBAA-AE44E205C795}.Release|Any CPU.Build.0 = Release|Any CPU
		{A21A03DD-3463-4B72-A103-E3269892545D}.Debug|Any CPU.ActiveCfg = Debug|Any CPU
		{A21A03DD-3463-4B72-A103-E3269892545D}.Debug|Any CPU.Build.0 = Debug|Any CPU
		{A21A03DD-3463-4B72-A103-E3269892545D}.Release|Any CPU.ActiveCfg = Release|Any CPU
		{A21A03DD-3463-4B72-A103-E3269892545D}.Release|Any CPU.Build.0 = Release|Any CPU
		{F275DF7F-C083-4731-82B1-93CD0520C662}.Debug|Any CPU.ActiveCfg = Debug|Any CPU
		{F275DF7F-C083-4731-82B1-93CD0520C662}.Debug|Any CPU.Build.0 = Debug|Any CPU
		{F275DF7F-C083-4731-82B1-93CD0520C662}.Release|Any CPU.ActiveCfg = Release|Any CPU
		{F275DF7F-C083-4731-82B1-93CD0520C662}.Release|Any CPU.Build.0 = Release|Any CPU
		{A48CDEC8-F552-4B45-A445-3FF9B11B77F7}.Debug|Any CPU.ActiveCfg = Debug|Any CPU
		{A48CDEC8-F552-4B45-A445-3FF9B11B77F7}.Debug|Any CPU.Build.0 = Debug|Any CPU
		{A48CDEC8-F552-4B45-A445-3FF9B11B77F7}.Release|Any CPU.ActiveCfg = Release|Any CPU
		{A48CDEC8-F552-4B45-A445-3FF9B11B77F7}.Release|Any CPU.Build.0 = Release|Any CPU
	EndGlobalSection
EndGlobal
