
Microsoft Visual Studio Solution File, Format Version 12.00
# Visual Studio Version 17
VisualStudioVersion = 17.9.34701.34
MinimumVisualStudioVersion = 10.0.40219.1
Project("{2150E333-8FDC-42A3-9474-1A3956D46DE8}") = "Infrastructure", "Infrastructure", "{7547A319-6465-4CB7-A3F2-8DC6DCB461BC}"
EndProject
Project("{2150E333-8FDC-42A3-9474-1A3956D46DE8}") = "Services", "Services", "{05BECBA0-610E-449B-B5DD-D1BA4C30B0C2}"
EndProject
Project("{2150E333-8FDC-42A3-9474-1A3956D46DE8}") = "Auth", "Auth", "{5E2D20CE-70AF-414B-B12F-95E8EC6C65FE}"
EndProject
Project("{2150E333-8FDC-42A3-9474-1A3956D46DE8}") = "Profiles", "Profiles", "{6F77E09F-EFE2-4871-ACB5-B4B3D18502F1}"
EndProject
Project("{2150E333-8FDC-42A3-9474-1A3956D46DE8}") = "Documents", "Documents", "{D62D5B20-88CD-4EDF-B61A-A3A5C9770F01}"
EndProject
Project("{2150E333-8FDC-42A3-9474-1A3956D46DE8}") = "Offices", "Offices", "{9B25F56B-0E6D-46AA-A6DF-3C95C61B6601}"
EndProject
Project("{2150E333-8FDC-42A3-9474-1A3956D46DE8}") = "Services", "Services", "{6A6E2128-AB83-421D-AB9F-CA3B312ED72F}"
EndProject
Project("{9A19103F-16F7-4668-BE54-9A1E7A4F7556}") = "Auth.API", "Auth.API\Auth.API.csproj", "{4CE67327-3069-4AC2-8274-CBD0C78B63C6}"
EndProject
Project("{9A19103F-16F7-4668-BE54-9A1E7A4F7556}") = "Auth.Application", "Auth.Application\Auth.Application.csproj", "{40B0EBB1-DB1B-4A64-8CEB-5E0BA9D63C1D}"
EndProject
Project("{9A19103F-16F7-4668-BE54-9A1E7A4F7556}") = "Auth.Domain", "Auth.Domain\Auth.Domain.csproj", "{0012D389-3E64-40C3-8422-FD7361E1F957}"
EndProject
Project("{9A19103F-16F7-4668-BE54-9A1E7A4F7556}") = "Auth.Infrastructure", "Auth.Infrastructure\Auth.Infrastructure.csproj", "{985433F5-A3DF-4623-97D1-AE583594C434}"
EndProject
Project("{9A19103F-16F7-4668-BE54-9A1E7A4F7556}") = "Innowise.Infrastructure.Services", "Innowise.Infrastructure.Services\Innowise.Infrastructure.Services.csproj", "{EF9DCAC1-9A17-4A3F-919D-E145D4B6A5AB}"
EndProject
Project("{9A19103F-16F7-4668-BE54-9A1E7A4F7556}") = "Innowise.Infrastructure.Exceptions", "Innowise.Infrastructure.Exceptions\Innowise.Infrastructure.Exceptions.csproj", "{3EDF8845-8A22-418F-BFAE-C1D6A4916F11}"
EndProject
Project("{9A19103F-16F7-4668-BE54-9A1E7A4F7556}") = "Innowise.Infrastructure.Behaviours", "Innowise.Infrastructure.Behaviours\Innowise.Infrastructure.Behaviours.csproj", "{94687C03-999F-48EB-98F2-D36F67353720}"
EndProject
Project("{9A19103F-16F7-4668-BE54-9A1E7A4F7556}") = "Profiles.Domain", "Profiles.Domain\Profiles.Domain.csproj", "{3196D339-9487-4F54-AFC0-E017E89484CB}"
EndProject
Project("{9A19103F-16F7-4668-BE54-9A1E7A4F7556}") = "Profiles.Application", "Profiles.Application\Profiles.Application.csproj", "{81FF34FC-DF15-41C4-891E-53E3ACF3233C}"
EndProject
Project("{9A19103F-16F7-4668-BE54-9A1E7A4F7556}") = "Profiles.Infrastructure", "Profiles.Infrastructure\Profiles.Infrastructure.csproj", "{A4C66D15-0AD0-457A-B037-D3EAE1B8F718}"
EndProject
Project("{9A19103F-16F7-4668-BE54-9A1E7A4F7556}") = "Profiles.API", "Profiles.API\Profiles.API.csproj", "{722027EE-3C38-4980-A5E0-39430CCD5959}"
EndProject
Project("{9A19103F-16F7-4668-BE54-9A1E7A4F7556}") = "Innowise.Infrastructure.Messages", "Innowise.Infrastructure.Messages\Innowise.Infrastructure.Messages.csproj", "{892A6A4C-C348-47A6-ABFB-8ED8FE2564CB}"
EndProject
Project("{2150E333-8FDC-42A3-9474-1A3956D46DE8}") = "Appointments", "Appointments", "{6C3C0856-1EEF-47C3-92CC-BD18E38A4D3D}"
EndProject
Project("{9A19103F-16F7-4668-BE54-9A1E7A4F7556}") = "Innowise.Appointments.Domain", "Innowise.Appointments.Domain\Innowise.Appointments.Domain.csproj", "{A211ECBD-9918-4D43-9957-10930DDFCB9A}"
EndProject
Project("{9A19103F-16F7-4668-BE54-9A1E7A4F7556}") = "Innowise.Appointments.Infrastructure", "Innowise.Appointments.Infrastructure\Innowise.Appointments.Infrastructure.csproj", "{B3067444-8D62-426C-9658-FFF2BB1E2A81}"
EndProject
Project("{9A19103F-16F7-4668-BE54-9A1E7A4F7556}") = "Innowise.Appointments.Application", "Innowise.Appointments.Application\Innowise.Appointments.Application.csproj", "{A3C2F7DB-B5AA-41C7-8C5F-714F19E4FA95}"
EndProject
Project("{FAE04EC0-301F-11D3-BF4B-00C04F79EFBC}") = "Innowise.Appointments.ApiHost", "Innowise.Appointments.ApiHost\Innowise.Appointments.ApiHost.csproj", "{DED3C227-888F-48C1-89CE-676BED6C4E9E}"
EndProject
Project("{FAE04EC0-301F-11D3-BF4B-00C04F79EFBC}") = "Offices.Domain", "Offices.Domain\Offices.Domain.csproj", "{A24D6120-56D4-49DC-AB12-20B7BD2E2CEC}"
EndProject
Project("{FAE04EC0-301F-11D3-BF4B-00C04F79EFBC}") = "Offices.Infrastructure", "Offices.Infrastructure\Offices.Infrastructure.csproj", "{D3F4988C-BE5F-4EE0-98C9-19C0BF7B4AFA}"
EndProject
Project("{FAE04EC0-301F-11D3-BF4B-00C04F79EFBC}") = "Offices.Application", "Offices.Application\Offices.Application.csproj", "{F7F3C149-A89C-4ABD-A4B4-3003FE156704}"
EndProject
Project("{FAE04EC0-301F-11D3-BF4B-00C04F79EFBC}") = "Offices.API", "Offices.API\Offices.API.csproj", "{AE3F7C41-C77A-431F-AEC3-EC8EC66F2945}"
EndProject
Project("{FAE04EC0-301F-11D3-BF4B-00C04F79EFBC}") = "Services.Domain", "Services.Domain\Services.Domain.csproj", "{9E2F5EA7-69BD-4536-A70D-74CBC9DC6245}"
EndProject
Project("{FAE04EC0-301F-11D3-BF4B-00C04F79EFBC}") = "Services.Infrastructure", "Services.Infrastructure\Services.Infrastructure.csproj", "{DDCBDDB7-E2D9-4483-AA46-2DF0632995D0}"
EndProject
Project("{FAE04EC0-301F-11D3-BF4B-00C04F79EFBC}") = "Services.Application", "Services.Application\Services.Application.csproj", "{05BE9CDF-B051-47A3-A137-93B615E9DC41}"
EndProject
Project("{FAE04EC0-301F-11D3-BF4B-00C04F79EFBC}") = "Services.API", "Services.API\Services.API.csproj", "{F1ED9FAB-F0F7-4578-8B4C-486BE58DC1BB}"
EndProject
Project("{FAE04EC0-301F-11D3-BF4B-00C04F79EFBC}") = "Documents.API", "Documents.API\Documents.API.csproj", "{F78206CA-0729-4FA3-9CBA-28A83C885542}"
EndProject
Project("{FAE04EC0-301F-11D3-BF4B-00C04F79EFBC}") = "Documents.Application", "Documents.Application\Documents.Application.csproj", "{58489698-5C26-428B-8A94-93E2A150A998}"
EndProject
Project("{2150E333-8FDC-42A3-9474-1A3956D46DE8}") = "Tests", "Tests", "{1FF98561-3A16-4000-8836-EA7F05165E1A}"
EndProject
Project("{FAE04EC0-301F-11D3-BF4B-00C04F79EFBC}") = "Services.Tests", "Services.Tests\Services.Tests.csproj", "{208F58A1-841A-41BF-B86C-2A8DD220A6E0}"
EndProject
Project("{FAE04EC0-301F-11D3-BF4B-00C04F79EFBC}") = "Gateway", "Gateway\Gateway.csproj", "{256C86C6-D944-476A-8013-7EAF65D7E8F4}"
EndProject
Project("{2150E333-8FDC-42A3-9474-1A3956D46DE8}") = "BackgroundTasks", "BackgroundTasks", "{9F75D622-7F41-47C2-9AD6-B59086C0B38B}"
EndProject
Project("{FAE04EC0-301F-11D3-BF4B-00C04F79EFBC}") = "BackgroundTasks.AppointmentNotificationFunction", "BackgroundTasks.AppointmentNotificationFunction\BackgroundTasks.AppointmentNotificationFunction.csproj", "{FFF47D67-C4AC-4A75-BC5E-29CE929617FD}"
EndProject
Project("{FAE04EC0-301F-11D3-BF4B-00C04F79EFBC}") = "Innowise.Appointments.WorkerHost", "Innowise.Appointments.WorkerHost\Innowise.Appointments.WorkerHost.csproj", "{77C58396-4190-4870-8EA0-C948799FDDD4}"
EndProject
Project("{FAE04EC0-301F-11D3-BF4B-00C04F79EFBC}") = "Innowise.Appointments.RmqHost", "Innowise.Appointments.RmqHost\Innowise.Appointments.RmqHost.csproj", "{927DBE3C-EA17-4F92-8F96-7CF4F89FB17F}"
EndProject
Project("{FAE04EC0-301F-11D3-BF4B-00C04F79EFBC}") = "Innowise.Common", "Innowise.Common\Innowise.Common.csproj", "{35026EE6-8301-431A-83E0-154713795116}"
EndProject
Project("{FAE04EC0-301F-11D3-BF4B-00C04F79EFBC}") = "Innowise.Appointments.Contracts", "Innowise.Appointments.Contracts\Innowise.Appointments.Contracts.csproj", "{284DB589-9327-4805-8683-29E6B187A28F}"
EndProject
Global
	GlobalSection(SolutionConfigurationPlatforms) = preSolution
		Debug|Any CPU = Debug|Any CPU
		Release|Any CPU = Release|Any CPU
	EndGlobalSection
	GlobalSection(ProjectConfigurationPlatforms) = postSolution
		{4CE67327-3069-4AC2-8274-CBD0C78B63C6}.Debug|Any CPU.ActiveCfg = Debug|Any CPU
		{4CE67327-3069-4AC2-8274-CBD0C78B63C6}.Debug|Any CPU.Build.0 = Debug|Any CPU
		{4CE67327-3069-4AC2-8274-CBD0C78B63C6}.Release|Any CPU.ActiveCfg = Release|Any CPU
		{4CE67327-3069-4AC2-8274-CBD0C78B63C6}.Release|Any CPU.Build.0 = Release|Any CPU
		{40B0EBB1-DB1B-4A64-8CEB-5E0BA9D63C1D}.Debug|Any CPU.ActiveCfg = Debug|Any CPU
		{40B0EBB1-DB1B-4A64-8CEB-5E0BA9D63C1D}.Debug|Any CPU.Build.0 = Debug|Any CPU
		{40B0EBB1-DB1B-4A64-8CEB-5E0BA9D63C1D}.Release|Any CPU.ActiveCfg = Release|Any CPU
		{40B0EBB1-DB1B-4A64-8CEB-5E0BA9D63C1D}.Release|Any CPU.Build.0 = Release|Any CPU
		{0012D389-3E64-40C3-8422-FD7361E1F957}.Debug|Any CPU.ActiveCfg = Debug|Any CPU
		{0012D389-3E64-40C3-8422-FD7361E1F957}.Debug|Any CPU.Build.0 = Debug|Any CPU
		{0012D389-3E64-40C3-8422-FD7361E1F957}.Release|Any CPU.ActiveCfg = Release|Any CPU
		{0012D389-3E64-40C3-8422-FD7361E1F957}.Release|Any CPU.Build.0 = Release|Any CPU
		{985433F5-A3DF-4623-97D1-AE583594C434}.Debug|Any CPU.ActiveCfg = Debug|Any CPU
		{985433F5-A3DF-4623-97D1-AE583594C434}.Debug|Any CPU.Build.0 = Debug|Any CPU
		{985433F5-A3DF-4623-97D1-AE583594C434}.Release|Any CPU.ActiveCfg = Release|Any CPU
		{985433F5-A3DF-4623-97D1-AE583594C434}.Release|Any CPU.Build.0 = Release|Any CPU
		{EF9DCAC1-9A17-4A3F-919D-E145D4B6A5AB}.Debug|Any CPU.ActiveCfg = Debug|Any CPU
		{EF9DCAC1-9A17-4A3F-919D-E145D4B6A5AB}.Debug|Any CPU.Build.0 = Debug|Any CPU
		{EF9DCAC1-9A17-4A3F-919D-E145D4B6A5AB}.Release|Any CPU.ActiveCfg = Release|Any CPU
		{EF9DCAC1-9A17-4A3F-919D-E145D4B6A5AB}.Release|Any CPU.Build.0 = Release|Any CPU
		{3EDF8845-8A22-418F-BFAE-C1D6A4916F11}.Debug|Any CPU.ActiveCfg = Debug|Any CPU
		{3EDF8845-8A22-418F-BFAE-C1D6A4916F11}.Debug|Any CPU.Build.0 = Debug|Any CPU
		{3EDF8845-8A22-418F-BFAE-C1D6A4916F11}.Release|Any CPU.ActiveCfg = Release|Any CPU
		{3EDF8845-8A22-418F-BFAE-C1D6A4916F11}.Release|Any CPU.Build.0 = Release|Any CPU
		{94687C03-999F-48EB-98F2-D36F67353720}.Debug|Any CPU.ActiveCfg = Debug|Any CPU
		{94687C03-999F-48EB-98F2-D36F67353720}.Debug|Any CPU.Build.0 = Debug|Any CPU
		{94687C03-999F-48EB-98F2-D36F67353720}.Release|Any CPU.ActiveCfg = Release|Any CPU
		{94687C03-999F-48EB-98F2-D36F67353720}.Release|Any CPU.Build.0 = Release|Any CPU
		{3196D339-9487-4F54-AFC0-E017E89484CB}.Debug|Any CPU.ActiveCfg = Debug|Any CPU
		{3196D339-9487-4F54-AFC0-E017E89484CB}.Debug|Any CPU.Build.0 = Debug|Any CPU
		{3196D339-9487-4F54-AFC0-E017E89484CB}.Release|Any CPU.ActiveCfg = Release|Any CPU
		{3196D339-9487-4F54-AFC0-E017E89484CB}.Release|Any CPU.Build.0 = Release|Any CPU
		{81FF34FC-DF15-41C4-891E-53E3ACF3233C}.Debug|Any CPU.ActiveCfg = Debug|Any CPU
		{81FF34FC-DF15-41C4-891E-53E3ACF3233C}.Debug|Any CPU.Build.0 = Debug|Any CPU
		{81FF34FC-DF15-41C4-891E-53E3ACF3233C}.Release|Any CPU.ActiveCfg = Release|Any CPU
		{81FF34FC-DF15-41C4-891E-53E3ACF3233C}.Release|Any CPU.Build.0 = Release|Any CPU
		{A4C66D15-0AD0-457A-B037-D3EAE1B8F718}.Debug|Any CPU.ActiveCfg = Debug|Any CPU
		{A4C66D15-0AD0-457A-B037-D3EAE1B8F718}.Debug|Any CPU.Build.0 = Debug|Any CPU
		{A4C66D15-0AD0-457A-B037-D3EAE1B8F718}.Release|Any CPU.ActiveCfg = Release|Any CPU
		{A4C66D15-0AD0-457A-B037-D3EAE1B8F718}.Release|Any CPU.Build.0 = Release|Any CPU
		{722027EE-3C38-4980-A5E0-39430CCD5959}.Debug|Any CPU.ActiveCfg = Debug|Any CPU
		{722027EE-3C38-4980-A5E0-39430CCD5959}.Debug|Any CPU.Build.0 = Debug|Any CPU
		{722027EE-3C38-4980-A5E0-39430CCD5959}.Release|Any CPU.ActiveCfg = Release|Any CPU
		{722027EE-3C38-4980-A5E0-39430CCD5959}.Release|Any CPU.Build.0 = Release|Any CPU
		{892A6A4C-C348-47A6-ABFB-8ED8FE2564CB}.Debug|Any CPU.ActiveCfg = Debug|Any CPU
		{892A6A4C-C348-47A6-ABFB-8ED8FE2564CB}.Debug|Any CPU.Build.0 = Debug|Any CPU
		{892A6A4C-C348-47A6-ABFB-8ED8FE2564CB}.Release|Any CPU.ActiveCfg = Release|Any CPU
		{892A6A4C-C348-47A6-ABFB-8ED8FE2564CB}.Release|Any CPU.Build.0 = Release|Any CPU
		{A211ECBD-9918-4D43-9957-10930DDFCB9A}.Debug|Any CPU.ActiveCfg = Debug|Any CPU
		{A211ECBD-9918-4D43-9957-10930DDFCB9A}.Debug|Any CPU.Build.0 = Debug|Any CPU
		{A211ECBD-9918-4D43-9957-10930DDFCB9A}.Release|Any CPU.ActiveCfg = Release|Any CPU
		{A211ECBD-9918-4D43-9957-10930DDFCB9A}.Release|Any CPU.Build.0 = Release|Any CPU
		{B3067444-8D62-426C-9658-FFF2BB1E2A81}.Debug|Any CPU.ActiveCfg = Debug|Any CPU
		{B3067444-8D62-426C-9658-FFF2BB1E2A81}.Debug|Any CPU.Build.0 = Debug|Any CPU
		{B3067444-8D62-426C-9658-FFF2BB1E2A81}.Release|Any CPU.ActiveCfg = Release|Any CPU
		{B3067444-8D62-426C-9658-FFF2BB1E2A81}.Release|Any CPU.Build.0 = Release|Any CPU
		{A3C2F7DB-B5AA-41C7-8C5F-714F19E4FA95}.Debug|Any CPU.ActiveCfg = Debug|Any CPU
		{A3C2F7DB-B5AA-41C7-8C5F-714F19E4FA95}.Debug|Any CPU.Build.0 = Debug|Any CPU
		{A3C2F7DB-B5AA-41C7-8C5F-714F19E4FA95}.Release|Any CPU.ActiveCfg = Release|Any CPU
		{A3C2F7DB-B5AA-41C7-8C5F-714F19E4FA95}.Release|Any CPU.Build.0 = Release|Any CPU
		{DED3C227-888F-48C1-89CE-676BED6C4E9E}.Debug|Any CPU.ActiveCfg = Debug|Any CPU
		{DED3C227-888F-48C1-89CE-676BED6C4E9E}.Debug|Any CPU.Build.0 = Debug|Any CPU
		{DED3C227-888F-48C1-89CE-676BED6C4E9E}.Release|Any CPU.ActiveCfg = Release|Any CPU
		{DED3C227-888F-48C1-89CE-676BED6C4E9E}.Release|Any CPU.Build.0 = Release|Any CPU
		{A24D6120-56D4-49DC-AB12-20B7BD2E2CEC}.Debug|Any CPU.ActiveCfg = Debug|Any CPU
		{A24D6120-56D4-49DC-AB12-20B7BD2E2CEC}.Debug|Any CPU.Build.0 = Debug|Any CPU
		{A24D6120-56D4-49DC-AB12-20B7BD2E2CEC}.Release|Any CPU.ActiveCfg = Release|Any CPU
		{A24D6120-56D4-49DC-AB12-20B7BD2E2CEC}.Release|Any CPU.Build.0 = Release|Any CPU
		{D3F4988C-BE5F-4EE0-98C9-19C0BF7B4AFA}.Debug|Any CPU.ActiveCfg = Debug|Any CPU
		{D3F4988C-BE5F-4EE0-98C9-19C0BF7B4AFA}.Debug|Any CPU.Build.0 = Debug|Any CPU
		{D3F4988C-BE5F-4EE0-98C9-19C0BF7B4AFA}.Release|Any CPU.ActiveCfg = Release|Any CPU
		{D3F4988C-BE5F-4EE0-98C9-19C0BF7B4AFA}.Release|Any CPU.Build.0 = Release|Any CPU
		{F7F3C149-A89C-4ABD-A4B4-3003FE156704}.Debug|Any CPU.ActiveCfg = Debug|Any CPU
		{F7F3C149-A89C-4ABD-A4B4-3003FE156704}.Debug|Any CPU.Build.0 = Debug|Any CPU
		{F7F3C149-A89C-4ABD-A4B4-3003FE156704}.Release|Any CPU.ActiveCfg = Release|Any CPU
		{F7F3C149-A89C-4ABD-A4B4-3003FE156704}.Release|Any CPU.Build.0 = Release|Any CPU
		{AE3F7C41-C77A-431F-AEC3-EC8EC66F2945}.Debug|Any CPU.ActiveCfg = Debug|Any CPU
		{AE3F7C41-C77A-431F-AEC3-EC8EC66F2945}.Debug|Any CPU.Build.0 = Debug|Any CPU
		{AE3F7C41-C77A-431F-AEC3-EC8EC66F2945}.Release|Any CPU.ActiveCfg = Release|Any CPU
		{AE3F7C41-C77A-431F-AEC3-EC8EC66F2945}.Release|Any CPU.Build.0 = Release|Any CPU
		{9E2F5EA7-69BD-4536-A70D-74CBC9DC6245}.Debug|Any CPU.ActiveCfg = Debug|Any CPU
		{9E2F5EA7-69BD-4536-A70D-74CBC9DC6245}.Debug|Any CPU.Build.0 = Debug|Any CPU
		{9E2F5EA7-69BD-4536-A70D-74CBC9DC6245}.Release|Any CPU.ActiveCfg = Release|Any CPU
		{9E2F5EA7-69BD-4536-A70D-74CBC9DC6245}.Release|Any CPU.Build.0 = Release|Any CPU
		{DDCBDDB7-E2D9-4483-AA46-2DF0632995D0}.Debug|Any CPU.ActiveCfg = Debug|Any CPU
		{DDCBDDB7-E2D9-4483-AA46-2DF0632995D0}.Debug|Any CPU.Build.0 = Debug|Any CPU
		{DDCBDDB7-E2D9-4483-AA46-2DF0632995D0}.Release|Any CPU.ActiveCfg = Release|Any CPU
		{DDCBDDB7-E2D9-4483-AA46-2DF0632995D0}.Release|Any CPU.Build.0 = Release|Any CPU
		{05BE9CDF-B051-47A3-A137-93B615E9DC41}.Debug|Any CPU.ActiveCfg = Debug|Any CPU
		{05BE9CDF-B051-47A3-A137-93B615E9DC41}.Debug|Any CPU.Build.0 = Debug|Any CPU
		{05BE9CDF-B051-47A3-A137-93B615E9DC41}.Release|Any CPU.ActiveCfg = Release|Any CPU
		{05BE9CDF-B051-47A3-A137-93B615E9DC41}.Release|Any CPU.Build.0 = Release|Any CPU
		{F1ED9FAB-F0F7-4578-8B4C-486BE58DC1BB}.Debug|Any CPU.ActiveCfg = Debug|Any CPU
		{F1ED9FAB-F0F7-4578-8B4C-486BE58DC1BB}.Debug|Any CPU.Build.0 = Debug|Any CPU
		{F1ED9FAB-F0F7-4578-8B4C-486BE58DC1BB}.Release|Any CPU.ActiveCfg = Release|Any CPU
		{F1ED9FAB-F0F7-4578-8B4C-486BE58DC1BB}.Release|Any CPU.Build.0 = Release|Any CPU
		{F78206CA-0729-4FA3-9CBA-28A83C885542}.Debug|Any CPU.ActiveCfg = Debug|Any CPU
		{F78206CA-0729-4FA3-9CBA-28A83C885542}.Debug|Any CPU.Build.0 = Debug|Any CPU
		{F78206CA-0729-4FA3-9CBA-28A83C885542}.Release|Any CPU.ActiveCfg = Release|Any CPU
		{F78206CA-0729-4FA3-9CBA-28A83C885542}.Release|Any CPU.Build.0 = Release|Any CPU
		{58489698-5C26-428B-8A94-93E2A150A998}.Debug|Any CPU.ActiveCfg = Debug|Any CPU
		{58489698-5C26-428B-8A94-93E2A150A998}.Debug|Any CPU.Build.0 = Debug|Any CPU
		{58489698-5C26-428B-8A94-93E2A150A998}.Release|Any CPU.ActiveCfg = Release|Any CPU
		{58489698-5C26-428B-8A94-93E2A150A998}.Release|Any CPU.Build.0 = Release|Any CPU
		{208F58A1-841A-41BF-B86C-2A8DD220A6E0}.Debug|Any CPU.ActiveCfg = Debug|Any CPU
		{208F58A1-841A-41BF-B86C-2A8DD220A6E0}.Debug|Any CPU.Build.0 = Debug|Any CPU
		{208F58A1-841A-41BF-B86C-2A8DD220A6E0}.Release|Any CPU.ActiveCfg = Release|Any CPU
		{208F58A1-841A-41BF-B86C-2A8DD220A6E0}.Release|Any CPU.Build.0 = Release|Any CPU
		{256C86C6-D944-476A-8013-7EAF65D7E8F4}.Debug|Any CPU.ActiveCfg = Debug|Any CPU
		{256C86C6-D944-476A-8013-7EAF65D7E8F4}.Debug|Any CPU.Build.0 = Debug|Any CPU
		{256C86C6-D944-476A-8013-7EAF65D7E8F4}.Release|Any CPU.ActiveCfg = Release|Any CPU
		{256C86C6-D944-476A-8013-7EAF65D7E8F4}.Release|Any CPU.Build.0 = Release|Any CPU
		{FFF47D67-C4AC-4A75-BC5E-29CE929617FD}.Debug|Any CPU.ActiveCfg = Debug|Any CPU
		{FFF47D67-C4AC-4A75-BC5E-29CE929617FD}.Debug|Any CPU.Build.0 = Debug|Any CPU
		{FFF47D67-C4AC-4A75-BC5E-29CE929617FD}.Release|Any CPU.ActiveCfg = Release|Any CPU
		{FFF47D67-C4AC-4A75-BC5E-29CE929617FD}.Release|Any CPU.Build.0 = Release|Any CPU
		{77C58396-4190-4870-8EA0-C948799FDDD4}.Debug|Any CPU.ActiveCfg = Debug|Any CPU
		{77C58396-4190-4870-8EA0-C948799FDDD4}.Debug|Any CPU.Build.0 = Debug|Any CPU
		{77C58396-4190-4870-8EA0-C948799FDDD4}.Release|Any CPU.ActiveCfg = Release|Any CPU
		{77C58396-4190-4870-8EA0-C948799FDDD4}.Release|Any CPU.Build.0 = Release|Any CPU
		{927DBE3C-EA17-4F92-8F96-7CF4F89FB17F}.Debug|Any CPU.ActiveCfg = Debug|Any CPU
		{927DBE3C-EA17-4F92-8F96-7CF4F89FB17F}.Debug|Any CPU.Build.0 = Debug|Any CPU
		{927DBE3C-EA17-4F92-8F96-7CF4F89FB17F}.Release|Any CPU.ActiveCfg = Release|Any CPU
		{927DBE3C-EA17-4F92-8F96-7CF4F89FB17F}.Release|Any CPU.Build.0 = Release|Any CPU
		{35026EE6-8301-431A-83E0-154713795116}.Debug|Any CPU.ActiveCfg = Debug|Any CPU
		{35026EE6-8301-431A-83E0-154713795116}.Debug|Any CPU.Build.0 = Debug|Any CPU
		{35026EE6-8301-431A-83E0-154713795116}.Release|Any CPU.ActiveCfg = Release|Any CPU
		{35026EE6-8301-431A-83E0-154713795116}.Release|Any CPU.Build.0 = Release|Any CPU
		{284DB589-9327-4805-8683-29E6B187A28F}.Debug|Any CPU.ActiveCfg = Debug|Any CPU
		{284DB589-9327-4805-8683-29E6B187A28F}.Debug|Any CPU.Build.0 = Debug|Any CPU
		{284DB589-9327-4805-8683-29E6B187A28F}.Release|Any CPU.ActiveCfg = Release|Any CPU
		{284DB589-9327-4805-8683-29E6B187A28F}.Release|Any CPU.Build.0 = Release|Any CPU
	EndGlobalSection
	GlobalSection(SolutionProperties) = preSolution
		HideSolutionNode = FALSE
	EndGlobalSection
	GlobalSection(NestedProjects) = preSolution
		{5E2D20CE-70AF-414B-B12F-95E8EC6C65FE} = {05BECBA0-610E-449B-B5DD-D1BA4C30B0C2}
		{6F77E09F-EFE2-4871-ACB5-B4B3D18502F1} = {05BECBA0-610E-449B-B5DD-D1BA4C30B0C2}
		{D62D5B20-88CD-4EDF-B61A-A3A5C9770F01} = {05BECBA0-610E-449B-B5DD-D1BA4C30B0C2}
		{9B25F56B-0E6D-46AA-A6DF-3C95C61B6601} = {05BECBA0-610E-449B-B5DD-D1BA4C30B0C2}
		{6A6E2128-AB83-421D-AB9F-CA3B312ED72F} = {05BECBA0-610E-449B-B5DD-D1BA4C30B0C2}
		{4CE67327-3069-4AC2-8274-CBD0C78B63C6} = {5E2D20CE-70AF-414B-B12F-95E8EC6C65FE}
		{40B0EBB1-DB1B-4A64-8CEB-5E0BA9D63C1D} = {5E2D20CE-70AF-414B-B12F-95E8EC6C65FE}
		{0012D389-3E64-40C3-8422-FD7361E1F957} = {5E2D20CE-70AF-414B-B12F-95E8EC6C65FE}
		{985433F5-A3DF-4623-97D1-AE583594C434} = {5E2D20CE-70AF-414B-B12F-95E8EC6C65FE}
		{EF9DCAC1-9A17-4A3F-919D-E145D4B6A5AB} = {7547A319-6465-4CB7-A3F2-8DC6DCB461BC}
		{3EDF8845-8A22-418F-BFAE-C1D6A4916F11} = {7547A319-6465-4CB7-A3F2-8DC6DCB461BC}
		{94687C03-999F-48EB-98F2-D36F67353720} = {7547A319-6465-4CB7-A3F2-8DC6DCB461BC}
		{3196D339-9487-4F54-AFC0-E017E89484CB} = {6F77E09F-EFE2-4871-ACB5-B4B3D18502F1}
		{81FF34FC-DF15-41C4-891E-53E3ACF3233C} = {6F77E09F-EFE2-4871-ACB5-B4B3D18502F1}
		{A4C66D15-0AD0-457A-B037-D3EAE1B8F718} = {6F77E09F-EFE2-4871-ACB5-B4B3D18502F1}
		{722027EE-3C38-4980-A5E0-39430CCD5959} = {6F77E09F-EFE2-4871-ACB5-B4B3D18502F1}
		{892A6A4C-C348-47A6-ABFB-8ED8FE2564CB} = {7547A319-6465-4CB7-A3F2-8DC6DCB461BC}
		{6C3C0856-1EEF-47C3-92CC-BD18E38A4D3D} = {05BECBA0-610E-449B-B5DD-D1BA4C30B0C2}
		{A211ECBD-9918-4D43-9957-10930DDFCB9A} = {6C3C0856-1EEF-47C3-92CC-BD18E38A4D3D}
		{B3067444-8D62-426C-9658-FFF2BB1E2A81} = {6C3C0856-1EEF-47C3-92CC-BD18E38A4D3D}
		{A3C2F7DB-B5AA-41C7-8C5F-714F19E4FA95} = {6C3C0856-1EEF-47C3-92CC-BD18E38A4D3D}
		{DED3C227-888F-48C1-89CE-676BED6C4E9E} = {6C3C0856-1EEF-47C3-92CC-BD18E38A4D3D}
		{A24D6120-56D4-49DC-AB12-20B7BD2E2CEC} = {9B25F56B-0E6D-46AA-A6DF-3C95C61B6601}
		{D3F4988C-BE5F-4EE0-98C9-19C0BF7B4AFA} = {9B25F56B-0E6D-46AA-A6DF-3C95C61B6601}
		{F7F3C149-A89C-4ABD-A4B4-3003FE156704} = {9B25F56B-0E6D-46AA-A6DF-3C95C61B6601}
		{AE3F7C41-C77A-431F-AEC3-EC8EC66F2945} = {9B25F56B-0E6D-46AA-A6DF-3C95C61B6601}
		{9E2F5EA7-69BD-4536-A70D-74CBC9DC6245} = {6A6E2128-AB83-421D-AB9F-CA3B312ED72F}
		{DDCBDDB7-E2D9-4483-AA46-2DF0632995D0} = {6A6E2128-AB83-421D-AB9F-CA3B312ED72F}
		{05BE9CDF-B051-47A3-A137-93B615E9DC41} = {6A6E2128-AB83-421D-AB9F-CA3B312ED72F}
		{F1ED9FAB-F0F7-4578-8B4C-486BE58DC1BB} = {6A6E2128-AB83-421D-AB9F-CA3B312ED72F}
		{F78206CA-0729-4FA3-9CBA-28A83C885542} = {D62D5B20-88CD-4EDF-B61A-A3A5C9770F01}
		{58489698-5C26-428B-8A94-93E2A150A998} = {D62D5B20-88CD-4EDF-B61A-A3A5C9770F01}
		{1FF98561-3A16-4000-8836-EA7F05165E1A} = {6A6E2128-AB83-421D-AB9F-CA3B312ED72F}
		{208F58A1-841A-41BF-B86C-2A8DD220A6E0} = {1FF98561-3A16-4000-8836-EA7F05165E1A}
		{256C86C6-D944-476A-8013-7EAF65D7E8F4} = {05BECBA0-610E-449B-B5DD-D1BA4C30B0C2}
		{9F75D622-7F41-47C2-9AD6-B59086C0B38B} = {05BECBA0-610E-449B-B5DD-D1BA4C30B0C2}
		{FFF47D67-C4AC-4A75-BC5E-29CE929617FD} = {9F75D622-7F41-47C2-9AD6-B59086C0B38B}
		{77C58396-4190-4870-8EA0-C948799FDDD4} = {6C3C0856-1EEF-47C3-92CC-BD18E38A4D3D}
		{927DBE3C-EA17-4F92-8F96-7CF4F89FB17F} = {6C3C0856-1EEF-47C3-92CC-BD18E38A4D3D}
		{35026EE6-8301-431A-83E0-154713795116} = {7547A319-6465-4CB7-A3F2-8DC6DCB461BC}
		{284DB589-9327-4805-8683-29E6B187A28F} = {6C3C0856-1EEF-47C3-92CC-BD18E38A4D3D}
	EndGlobalSection
	GlobalSection(ExtensibilityGlobals) = postSolution
		SolutionGuid = {722E549A-4F46-41CF-A978-6D2D78E31FBB}
	EndGlobalSection
EndGlobal
